
Microsoft Visual Studio Solution File, Format Version 12.00
# Visual Studio 15
VisualStudioVersion = 15.0.26730.12
MinimumVisualStudioVersion = 10.0.40219.1
Project("{FAE04EC0-301F-11D3-BF4B-00C04F79EFBC}") = "HappyMVC", "HappyMVC\HappyMVC.csproj", "{267F2497-5605-466F-B1A2-A75B91971A4E}"
EndProject
Project("{FAE04EC0-301F-11D3-BF4B-00C04F79EFBC}") = "HappyMVC.Tests", "HappyMVC.Tests\HappyMVC.Tests.csproj", "{29233BB7-12A9-44EF-98AE-91CB25D9DB27}"
EndProject
Global
	GlobalSection(SolutionConfigurationPlatforms) = preSolution
		Debug|Any CPU = Debug|Any CPU
		Release|Any CPU = Release|Any CPU
	EndGlobalSection
	GlobalSection(ProjectConfigurationPlatforms) = postSolution
		{267F2497-5605-466F-B1A2-A75B91971A4E}.Debug|Any CPU.ActiveCfg = Debug|Any CPU
		{267F2497-5605-466F-B1A2-A75B91971A4E}.Debug|Any CPU.Build.0 = Debug|Any CPU
		{267F2497-5605-466F-B1A2-A75B91971A4E}.Release|Any CPU.ActiveCfg = Release|Any CPU
		{267F2497-5605-466F-B1A2-A75B91971A4E}.Release|Any CPU.Build.0 = Release|Any CPU
		{29233BB7-12A9-44EF-98AE-91CB25D9DB27}.Debug|Any CPU.ActiveCfg = Debug|Any CPU
		{29233BB7-12A9-44EF-98AE-91CB25D9DB27}.Debug|Any CPU.Build.0 = Debug|Any CPU
		{29233BB7-12A9-44EF-98AE-91CB25D9DB27}.Release|Any CPU.ActiveCfg = Release|Any CPU
		{29233BB7-12A9-44EF-98AE-91CB25D9DB27}.Release|Any CPU.Build.0 = Release|Any CPU
	EndGlobalSection
	GlobalSection(SolutionProperties) = preSolution
		HideSolutionNode = FALSE
	EndGlobalSection
	GlobalSection(ExtensibilityGlobals) = postSolution
		SolutionGuid = {0EB2226F-93E8-4CCE-B8A4-BC03BE1FA4FA}
	EndGlobalSection
EndGlobal
